{
  "name": "@codica/code.",
  "version": "1.0.0",
  "lockfileVersion": 3,
  "requires": true,
  "packages": {
    "": {
      "name": "@codica/code.",
      "version": "1.0.0",
      "hasInstallScript": true,
      "license": "ISC",
      "bin": {
        "brain-games": "bin/brain-games.js"
      }
    }
  }
}
